
Microsoft Visual Studio Solution File, Format Version 12.00
# Visual Studio Version 16
VisualStudioVersion = 16.0.30128.74
MinimumVisualStudioVersion = 10.0.40219.1
Project("{8BC9CEB8-8B4A-11D0-8D11-00A0C91BC942}") = "mlb-menu", "mlb-menu\mlb-menu.vcxproj", "{2B72FC17-6308-4C3B-8E55-FDC431E5E6D0}"
EndProject
Global
	GlobalSection(SolutionConfigurationPlatforms) = preSolution
		Debug|x64 = Debug|x64
		Debug|x86 = Debug|x86
		Release|x64 = Release|x64
		Release|x86 = Release|x86
	EndGlobalSection
	GlobalSection(ProjectConfigurationPlatforms) = postSolution
		{2B72FC17-6308-4C3B-8E55-FDC431E5E6D0}.Debug|x64.ActiveCfg = Debug|x64
		{2B72FC17-6308-4C3B-8E55-FDC431E5E6D0}.Debug|x64.Build.0 = Debug|x64
		{2B72FC17-6308-4C3B-8E55-FDC431E5E6D0}.Debug|x86.ActiveCfg = Debug|Win32
		{2B72FC17-6308-4C3B-8E55-FDC431E5E6D0}.Debug|x86.Build.0 = Debug|Win32
		{2B72FC17-6308-4C3B-8E55-FDC431E5E6D0}.Release|x64.ActiveCfg = Release|x64
		{2B72FC17-6308-4C3B-8E55-FDC431E5E6D0}.Release|x64.Build.0 = Release|x64
		{2B72FC17-6308-4C3B-8E55-FDC431E5E6D0}.Release|x86.ActiveCfg = Release|Win32
		{2B72FC17-6308-4C3B-8E55-FDC431E5E6D0}.Release|x86.Build.0 = Release|Win32
	EndGlobalSection
	GlobalSection(SolutionProperties) = preSolution
		HideSolutionNode = FALSE
	EndGlobalSection
	GlobalSection(ExtensibilityGlobals) = postSolution
		SolutionGuid = {82BD66BC-CD00-4454-8A30-7CB204B5E8AD}
	EndGlobalSection
EndGlobal
